{
    "_readme": [
        "This file locks the dependencies of your project to a known state",
        "Read more about it at https://getcomposer.org/doc/01-basic-usage.md#installing-dependencies",
        "This file is @generated automatically"
    ],
    "content-hash": "427ed8552038bd2391e53aab7725da99",
    "packages": [
        {
            "name": "informagenie/orange-sms",
            "version": "v1.4",
            "source": {
                "type": "git",
                "url": "https://github.com/informagenie/orange-sms.git",
                "reference": "b59b96ed9b0680b63dc15abc10ce1b9e3f3e27e2"
            },
            "dist": {
                "type": "zip",
                "url": "https://api.github.com/repos/informagenie/orange-sms/zipball/b59b96ed9b0680b63dc15abc10ce1b9e3f3e27e2",
                "reference": "b59b96ed9b0680b63dc15abc10ce1b9e3f3e27e2",
                "shasum": ""
            },
            "require": {
                "php": ">=7.4",
                "php-curl-class/php-curl-class": "^8.6"
            },
            "type": "library",
            "autoload": {
                "psr-4": {
                    "Informagenie\\": "src/"
                }
            },
            "notification-url": "https://packagist.org/downloads/",
            "authors": [
                {
                    "name": "Mbungu Ngoma",
                    "email": "hackmmn@gmail.com"
                }
            ],
            "description": "Unofficial Orange SMS API SDK",
            "support": {
                "issues": "https://github.com/informagenie/orange-sms/issues",
                "source": "https://github.com/informagenie/orange-sms/tree/v1.4"
            },
            "time": "2024-06-24T08:50:00+00:00"
        },
        {
            "name": "php-curl-class/php-curl-class",
            "version": "8.10.0",
            "source": {
                "type": "git",
                "url": "https://github.com/php-curl-class/php-curl-class.git",
                "reference": "c97c96d5d422b4085aba32ace096c3e404dde607"
            },
            "dist": {
                "type": "zip",
                "url": "https://api.github.com/repos/php-curl-class/php-curl-class/zipball/c97c96d5d422b4085aba32ace096c3e404dde607",
                "reference": "c97c96d5d422b4085aba32ace096c3e404dde607",
                "shasum": ""
            },
            "require": {
                "ext-curl": "*",
                "php": ">=5.3"
            },
            "require-dev": {
                "ext-gd": "*",
                "phpunit/phpunit": "*",
                "squizlabs/php_codesniffer": "*"
            },
            "suggest": {
                "ext-mbstring": "*"
            },
            "type": "library",
            "autoload": {
                "psr-4": {
                    "Curl\\": "src/Curl/"
                }
            },
            "notification-url": "https://packagist.org/downloads/",
            "license": [
                "Unlicense"
            ],
            "authors": [
                {
                    "name": "Zach Borboa"
                }
            ],
            "description": "PHP Curl Class makes it easy to send HTTP requests and integrate with web APIs.",
            "homepage": "https://github.com/php-curl-class/php-curl-class",
            "keywords": [
                "API-Client",
                "api",
                "class",
                "client",
                "curl",
                "framework",
                "http",
                "http-client",
                "http-proxy",
                "json",
                "php",
                "php-curl",
                "php-curl-library",
                "proxy",
                "requests",
                "restful",
                "web-scraper",
                "web-service",
                "xml"
            ],
            "support": {
                "issues": "https://github.com/php-curl-class/php-curl-class/issues",
                "source": "https://github.com/php-curl-class/php-curl-class/tree/8.10.0"
            },
            "time": "2021-06-23T14:34:00+00:00"
        }
    ],
    "packages-dev": [],
    "aliases": [],
    "minimum-stability": "stable",
    "stability-flags": [],
    "prefer-stable": false,
    "prefer-lowest": false,
    "platform": [],
    "platform-dev": [],
    "plugin-api-version": "2.6.0"
}
